
Microsoft Visual Studio Solution File, Format Version 12.00
# Visual Studio Version 17
VisualStudioVersion = 17.12.35514.174
MinimumVisualStudioVersion = 10.0.40219.1
Project("{FAE04EC0-301F-11D3-BF4B-00C04F79EFBC}") = "SchoolSystem.APIs", "SchoolSystem.APIs\SchoolSystem.APIs.csproj", "{A3514B89-7D70-4199-BC69-10E44638CD5E}"
EndProject
Project("{FAE04EC0-301F-11D3-BF4B-00C04F79EFBC}") = "SchoolSystem.Infrastructure", "SchoolSystem.Infrastructure\SchoolSystem.Infrastructure.csproj", "{B66787B1-91C7-41AC-8797-1F74531AEF81}"
EndProject
Project("{FAE04EC0-301F-11D3-BF4B-00C04F79EFBC}") = "SchoolSystem.Application", "SchoolSystem.Application\SchoolSystem.Application.csproj", "{C870DAAF-8483-1D21-DF99-B21FCC06206A}"
EndProject
Project("{FAE04EC0-301F-11D3-BF4B-00C04F79EFBC}") = "SchoolSystem.Domain", "SchoolSystem.Core\SchoolSystem.Domain.csproj", "{570C9D0C-EA4D-9EAF-417A-3ACD010A9F19}"
EndProject
Global
	GlobalSection(SolutionConfigurationPlatforms) = preSolution
		Debug|Any CPU = Debug|Any CPU
		Release|Any CPU = Release|Any CPU
	EndGlobalSection
	GlobalSection(ProjectConfigurationPlatforms) = postSolution
		{A3514B89-7D70-4199-BC69-10E44638CD5E}.Debug|Any CPU.ActiveCfg = Debug|Any CPU
		{A3514B89-7D70-4199-BC69-10E44638CD5E}.Debug|Any CPU.Build.0 = Debug|Any CPU
		{A3514B89-7D70-4199-BC69-10E44638CD5E}.Release|Any CPU.ActiveCfg = Release|Any CPU
		{A3514B89-7D70-4199-BC69-10E44638CD5E}.Release|Any CPU.Build.0 = Release|Any CPU
		{B66787B1-91C7-41AC-8797-1F74531AEF81}.Debug|Any CPU.ActiveCfg = Debug|Any CPU
		{B66787B1-91C7-41AC-8797-1F74531AEF81}.Debug|Any CPU.Build.0 = Debug|Any CPU
		{B66787B1-91C7-41AC-8797-1F74531AEF81}.Release|Any CPU.ActiveCfg = Release|Any CPU
		{B66787B1-91C7-41AC-8797-1F74531AEF81}.Release|Any CPU.Build.0 = Release|Any CPU
		{C870DAAF-8483-1D21-DF99-B21FCC06206A}.Debug|Any CPU.ActiveCfg = Debug|Any CPU
		{C870DAAF-8483-1D21-DF99-B21FCC06206A}.Debug|Any CPU.Build.0 = Debug|Any CPU
		{C870DAAF-8483-1D21-DF99-B21FCC06206A}.Release|Any CPU.ActiveCfg = Release|Any CPU
		{C870DAAF-8483-1D21-DF99-B21FCC06206A}.Release|Any CPU.Build.0 = Release|Any CPU
		{570C9D0C-EA4D-9EAF-417A-3ACD010A9F19}.Debug|Any CPU.ActiveCfg = Debug|Any CPU
		{570C9D0C-EA4D-9EAF-417A-3ACD010A9F19}.Debug|Any CPU.Build.0 = Debug|Any CPU
		{570C9D0C-EA4D-9EAF-417A-3ACD010A9F19}.Release|Any CPU.ActiveCfg = Release|Any CPU
		{570C9D0C-EA4D-9EAF-417A-3ACD010A9F19}.Release|Any CPU.Build.0 = Release|Any CPU
	EndGlobalSection
	GlobalSection(SolutionProperties) = preSolution
		HideSolutionNode = FALSE
	EndGlobalSection
	GlobalSection(ExtensibilityGlobals) = postSolution
		SolutionGuid = {30D5FFC2-DF59-46E5-A488-3819B3C27FC6}
	EndGlobalSection
EndGlobal
